
Microsoft Visual Studio Solution File, Format Version 12.00
# Visual Studio Version 16
VisualStudioVersion = 16.0.30907.101
MinimumVisualStudioVersion = 10.0.40219.1
Project("{FAE04EC0-301F-11D3-BF4B-00C04F79EFBC}") = "calculate number", "calculate number.csproj", "{0DE9C087-4106-4847-98D2-15D2A7216719}"
EndProject
Global
	GlobalSection(SolutionConfigurationPlatforms) = preSolution
		Debug|Any CPU = Debug|Any CPU
		Release|Any CPU = Release|Any CPU
	EndGlobalSection
	GlobalSection(ProjectConfigurationPlatforms) = postSolution
		{0DE9C087-4106-4847-98D2-15D2A7216719}.Debug|Any CPU.ActiveCfg = Debug|Any CPU
		{0DE9C087-4106-4847-98D2-15D2A7216719}.Debug|Any CPU.Build.0 = Debug|Any CPU
		{0DE9C087-4106-4847-98D2-15D2A7216719}.Release|Any CPU.ActiveCfg = Release|Any CPU
		{0DE9C087-4106-4847-98D2-15D2A7216719}.Release|Any CPU.Build.0 = Release|Any CPU
	EndGlobalSection
	GlobalSection(SolutionProperties) = preSolution
		HideSolutionNode = FALSE
	EndGlobalSection
	GlobalSection(ExtensibilityGlobals) = postSolution
		SolutionGuid = {A955303E-03A0-4AAF-849C-6ED8EBD664F8}
	EndGlobalSection
EndGlobal
